// !$*UTF8*$!
{
	archiveVersion = 1;
	classes = {
	};
	objectVersion = 77;
	objects = {

/* Begin PBXBuildFile section */
		F028E6AD2F26B4BC000AE776 /* Auth in Frameworks */ = {isa = PBXBuildFile; productRef = F028E6AC2F26B4BC000AE776 /* Auth */; };
		F028E6AF2F26B4BC000AE776 /* Functions in Frameworks */ = {isa = PBXBuildFile; productRef = F028E6AE2F26B4BC000AE776 /* Functions */; };
		F028E6B12F26B4BC000AE776 /* PostgREST in Frameworks */ = {isa = PBXBuildFile; productRef = F028E6B02F26B4BC000AE776 /* PostgREST */; };
		F028E6B32F26B4BC000AE776 /* Realtime in Frameworks */ = {isa = PBXBuildFile; productRef = F028E6B22F26B4BC000AE776 /* Realtime */; };
		F028E6B52F26B4BC000AE776 /* Storage in Frameworks */ = {isa = PBXBuildFile; productRef = F028E6B42F26B4BC000AE776 /* Storage */; };
		F028E6BC2F26B722000AE776 /* Supabase in Frameworks */ = {isa = PBXBuildFile; productRef = F028E6BB2F26B722000AE776 /* Supabase */; };
/* End PBXBuildFile section */

/* Begin PBXContainerItemProxy section */
		F028E6702F26A592000AE776 /* PBXContainerItemProxy */ = {
			isa = PBXContainerItemProxy;
			containerPortal = F028E6582F26A591000AE776 /* Project object */;
			proxyType = 1;
			remoteGlobalIDString = F028E65F2F26A591000AE776;
			remoteInfo = Spectrum;
		};
		F028E67A2F26A592000AE776 /* PBXContainerItemProxy */ = {
			isa = PBXContainerItemProxy;
			containerPortal = F028E6582F26A591000AE776 /* Project object */;
			proxyType = 1;
			remoteGlobalIDString = F028E65F2F26A591000AE776;
			remoteInfo = Spectrum;
		};
/* End PBXContainerItemProxy section */

/* Begin PBXFileReference section */
		F028E6602F26A591000AE776 /* Spectrum.app */ = {isa = PBXFileReference; explicitFileType = wrapper.application; includeInIndex = 0; path = Spectrum.app; sourceTree = BUILT_PRODUCTS_DIR; };
		F028E66F2F26A592000AE776 /* SpectrumTests.xctest */ = {isa = PBXFileReference; explicitFileType = wrapper.cfbundle; includeInIndex = 0; path = SpectrumTests.xctest; sourceTree = BUILT_PRODUCTS_DIR; };
		F028E6792F26A592000AE776 /* SpectrumUITests.xctest */ = {isa = PBXFileReference; explicitFileType = wrapper.cfbundle; includeInIndex = 0; path = SpectrumUITests.xctest; sourceTree = BUILT_PRODUCTS_DIR; };
/* End PBXFileReference section */

/* Begin PBXFileSystemSynchronizedRootGroup section */
		F028E6622F26A591000AE776 /* Spectrum */ = {
			isa = PBXFileSystemSynchronizedRootGroup;
			path = Spectrum;
			sourceTree = "<group>";
		};
		F028E6722F26A592000AE776 /* SpectrumTests */ = {
			isa = PBXFileSystemSynchronizedRootGroup;
			path = SpectrumTests;
			sourceTree = "<group>";
		};
		F028E67C2F26A592000AE776 /* SpectrumUITests */ = {
			isa = PBXFileSystemSynchronizedRootGroup;
			path = SpectrumUITests;
			sourceTree = "<group>";
		};
/* End PBXFileSystemSynchronizedRootGroup section */

/* Begin PBXFrameworksBuildPhase section */
		F028E65D2F26A591000AE776 /* Frameworks */ = {
			isa = PBXFrameworksBuildPhase;
			buildActionMask = 2147483647;
			files = (
				F028E6B12F26B4BC000AE776 /* PostgREST in Frameworks */,
				F028E6AF2F26B4BC000AE776 /* Functions in Frameworks */,
				F028E6BC2F26B722000AE776 /* Supabase in Frameworks */,
				F028E6AD2F26B4BC000AE776 /* Auth in Frameworks */,
				F028E6B52F26B4BC000AE776 /* Storage in Frameworks */,
				F028E6B32F26B4BC000AE776 /* Realtime in Frameworks */,
			);
			runOnlyForDeploymentPostprocessing = 0;
		};
		F028E66C2F26A592000AE776 /* Frameworks */ = {
			isa = PBXFrameworksBuildPhase;
			buildActionMask = 2147483647;
			files = (
			);
			runOnlyForDeploymentPostprocessing = 0;
		};
		F028E6762F26A592000AE776 /* Frameworks */ = {
			isa = PBXFrameworksBuildPhase;
			buildActionMask = 2147483647;
			files = (
			);
			runOnlyForDeploymentPostprocessing = 0;
		};
/* End PBXFrameworksBuildPhase section */

/* Begin PBXGroup section */
		F028E6572F26A591000AE776 = {
			isa = PBXGroup;
			children = (
				F028E6622F26A591000AE776 /* Spectrum */,
				F028E6722F26A592000AE776 /* SpectrumTests */,
				F028E67C2F26A592000AE776 /* SpectrumUITests */,
				F028E6BA2F26B722000AE776 /* Frameworks */,
				F028E6612F26A591000AE776 /* Products */,
			);
			sourceTree = "<group>";
		};
		F028E6612F26A591000AE776 /* Products */ = {
			isa = PBXGroup;
			children = (
				F028E6602F26A591000AE776 /* Spectrum.app */,
				F028E66F2F26A592000AE776 /* SpectrumTests.xctest */,
				F028E6792F26A592000AE776 /* SpectrumUITests.xctest */,
			);
			name = Products;
			sourceTree = "<group>";
		};
		F028E6BA2F26B722000AE776 /* Frameworks */ = {
			isa = PBXGroup;
			children = (
			);
			name = Frameworks;
			sourceTree = "<group>";
		};
/* End PBXGroup section */

/* Begin PBXNativeTarget section */
		F028E65F2F26A591000AE776 /* Spectrum */ = {
			isa = PBXNativeTarget;
			buildConfigurationList = F028E6832F26A592000AE776 /* Build configuration list for PBXNativeTarget "Spectrum" */;
			buildPhases = (
				F028E65C2F26A591000AE776 /* Sources */,
				F028E65D2F26A591000AE776 /* Frameworks */,
				F028E65E2F26A591000AE776 /* Resources */,
			);
			buildRules = (
			);
			dependencies = (
			);
			fileSystemSynchronizedGroups = (
				F028E6622F26A591000AE776 /* Spectrum */,
			);
			name = Spectrum;
			packageProductDependencies = (
				F028E6AC2F26B4BC000AE776 /* Auth */,
				F028E6AE2F26B4BC000AE776 /* Functions */,
				F028E6B02F26B4BC000AE776 /* PostgREST */,
				F028E6B22F26B4BC000AE776 /* Realtime */,
				F028E6B42F26B4BC000AE776 /* Storage */,
				F028E6BB2F26B722000AE776 /* Supabase */,
			);
			productName = Spectrum;
			productReference = F028E6602F26A591000AE776 /* Spectrum.app */;
			productType = "com.apple.product-type.application";
		};
		F028E66E2F26A592000AE776 /* SpectrumTests */ = {
			isa = PBXNativeTarget;
			buildConfigurationList = F028E6862F26A592000AE776 /* Build configuration list for PBXNativeTarget "SpectrumTests" */;
			buildPhases = (
				F028E66B2F26A592000AE776 /* Sources */,
				F028E66C2F26A592000AE776 /* Frameworks */,
				F028E66D2F26A592000AE776 /* Resources */,
			);
			buildRules = (
			);
			dependencies = (
				F028E6712F26A592000AE776 /* PBXTargetDependency */,
			);
			fileSystemSynchronizedGroups = (
				F028E6722F26A592000AE776 /* SpectrumTests */,
			);
			name = SpectrumTests;
			packageProductDependencies = (
			);
			productName = SpectrumTests;
			productReference = F028E66F2F26A592000AE776 /* SpectrumTests.xctest */;
			productType = "com.apple.product-type.bundle.unit-test";
		};
		F028E6782F26A592000AE776 /* SpectrumUITests */ = {
			isa = PBXNativeTarget;
			buildConfigurationList = F028E6892F26A592000AE776 /* Build configuration list for PBXNativeTarget "SpectrumUITests" */;
			buildPhases = (
				F028E6752F26A592000AE776 /* Sources */,
				F028E6762F26A592000AE776 /* Frameworks */,
				F028E6772F26A592000AE776 /* Resources */,
			);
			buildRules = (
			);
			dependencies = (
				F028E67B2F26A592000AE776 /* PBXTargetDependency */,
			);
			fileSystemSynchronizedGroups = (
				F028E67C2F26A592000AE776 /* SpectrumUITests */,
			);
			name = SpectrumUITests;
			packageProductDependencies = (
			);
			productName = SpectrumUITests;
			productReference = F028E6792F26A592000AE776 /* SpectrumUITests.xctest */;
			productType = "com.apple.product-type.bundle.ui-testing";
		};
/* End PBXNativeTarget section */

/* Begin PBXProject section */
		F028E6582F26A591000AE776 /* Project object */ = {
			isa = PBXProject;
			attributes = {
				BuildIndependentTargetsInParallel = 1;
				LastSwiftUpdateCheck = 2620;
				LastUpgradeCheck = 2620;
				TargetAttributes = {
					F028E65F2F26A591000AE776 = {
						CreatedOnToolsVersion = 26.2;
					};
					F028E66E2F26A592000AE776 = {
						CreatedOnToolsVersion = 26.2;
						TestTargetID = F028E65F2F26A591000AE776;
					};
					F028E6782F26A592000AE776 = {
						CreatedOnToolsVersion = 26.2;
						TestTargetID = F028E65F2F26A591000AE776;
					};
				};
			};
			buildConfigurationList = F028E65B2F26A591000AE776 /* Build configuration list for PBXProject "Spectrum" */;
			developmentRegion = en;
			hasScannedForEncodings = 0;
			knownRegions = (
				en,
				Base,
			);
			mainGroup = F028E6572F26A591000AE776;
			minimizedProjectReferenceProxies = 1;
			packageReferences = (
				F028E6AB2F26B4BC000AE776 /* XCRemoteSwiftPackageReference "supabase-swift" */,
			);
			preferredProjectObjectVersion = 77;
			productRefGroup = F028E6612F26A591000AE776 /* Products */;
			projectDirPath = "";
			projectRoot = "";
			targets = (
				F028E65F2F26A591000AE776 /* Spectrum */,
				F028E66E2F26A592000AE776 /* SpectrumTests */,
				F028E6782F26A592000AE776 /* SpectrumUITests */,
			);
		};
/* End PBXProject section */

/* Begin PBXResourcesBuildPhase section */
		F028E65E2F26A591000AE776 /* Resources */ = {
			isa = PBXResourcesBuildPhase;
			buildActionMask = 2147483647;
			files = (
			);
			runOnlyForDeploymentPostprocessing = 0;
		};
		F028E66D2F26A592000AE776 /* Resources */ = {
			isa = PBXResourcesBuildPhase;
			buildActionMask = 2147483647;
			files = (
			);
			runOnlyForDeploymentPostprocessing = 0;
		};
		F028E6772F26A592000AE776 /* Resources */ = {
			isa = PBXResourcesBuildPhase;
			buildActionMask = 2147483647;
			files = (
			);
			runOnlyForDeploymentPostprocessing = 0;
		};
/* End PBXResourcesBuildPhase section */

/* Begin PBXSourcesBuildPhase section */
		F028E65C2F26A591000AE776 /* Sources */ = {
			isa = PBXSourcesBuildPhase;
			buildActionMask = 2147483647;
			files = (
			);
			runOnlyForDeploymentPostprocessing = 0;
		};
		F028E66B2F26A592000AE776 /* Sources */ = {
			isa = PBXSourcesBuildPhase;
			buildActionMask = 2147483647;
			files = (
			);
			runOnlyForDeploymentPostprocessing = 0;
		};
		F028E6752F26A592000AE776 /* Sources */ = {
			isa = PBXSourcesBuildPhase;
			buildActionMask = 2147483647;
			files = (
			);
			runOnlyForDeploymentPostprocessing = 0;
		};
/* End PBXSourcesBuildPhase section */

/* Begin PBXTargetDependency section */
		F028E6712F26A592000AE776 /* PBXTargetDependency */ = {
			isa = PBXTargetDependency;
			target = F028E65F2F26A591000AE776 /* Spectrum */;
			targetProxy = F028E6702F26A592000AE776 /* PBXContainerItemProxy */;
		};
		F028E67B2F26A592000AE776 /* PBXTargetDependency */ = {
			isa = PBXTargetDependency;
			target = F028E65F2F26A591000AE776 /* Spectrum */;
			targetProxy = F028E67A2F26A592000AE776 /* PBXContainerItemProxy */;
		};
/* End PBXTargetDependency section */

/* Begin XCBuildConfiguration section */
		F028E6812F26A592000AE776 /* Debug */ = {
			isa = XCBuildConfiguration;
			buildSettings = {
				ALWAYS_SEARCH_USER_PATHS = NO;
				ASSETCATALOG_COMPILER_GENERATE_SWIFT_ASSET_SYMBOL_EXTENSIONS = YES;
				CLANG_ANALYZER_NONNULL = YES;
				CLANG_ANALYZER_NUMBER_OBJECT_CONVERSION = YES_AGGRESSIVE;
				CLANG_CXX_LANGUAGE_STANDARD = "gnu++20";
				CLANG_ENABLE_MODULES = YES;
				CLANG_ENABLE_OBJC_ARC = YES;
				CLANG_ENABLE_OBJC_WEAK = YES;
				CLANG_WARN_BLOCK_CAPTURE_AUTORELEASING = YES;
				CLANG_WARN_BOOL_CONVERSION = YES;
				CLANG_WARN_COMMA = YES;
				CLANG_WARN_CONSTANT_CONVERSION = YES;
				CLANG_WARN_DEPRECATED_OBJC_IMPLEMENTATIONS = YES;
				CLANG_WARN_DIRECT_OBJC_ISA_USAGE = YES_ERROR;
				CLANG_WARN_DOCUMENTATION_COMMENTS = YES;
				CLANG_WARN_EMPTY_BODY = YES;
				CLANG_WARN_ENUM_CONVERSION = YES;
				CLANG_WARN_INFINITE_RECURSION = YES;
				CLANG_WARN_INT_CONVERSION = YES;
				CLANG_WARN_NON_LITERAL_NULL_CONVERSION = YES;
				CLANG_WARN_OBJC_IMPLICIT_RETAIN_SELF = YES;
				CLANG_WARN_OBJC_LITERAL_CONVERSION = YES;
				CLANG_WARN_OBJC_ROOT_CLASS = YES_ERROR;
				CLANG_WARN_QUOTED_INCLUDE_IN_FRAMEWORK_HEADER = YES;
				CLANG_WARN_RANGE_LOOP_ANALYSIS = YES;
				CLANG_WARN_STRICT_PROTOTYPES = YES;
				CLANG_WARN_SUSPICIOUS_MOVE = YES;
				CLANG_WARN_UNGUARDED_AVAILABILITY = YES_AGGRESSIVE;
				CLANG_WARN_UNREACHABLE_CODE = YES;
				CLANG_WARN__DUPLICATE_METHOD_MATCH = YES;
				COPY_PHASE_STRIP = NO;
				DEBUG_INFORMATION_FORMAT = dwarf;
				DEVELOPMENT_TEAM = 8ZCY68284F;
				ENABLE_STRICT_OBJC_MSGSEND = YES;
				ENABLE_TESTABILITY = YES;
				ENABLE_USER_SCRIPT_SANDBOXING = YES;
				GCC_C_LANGUAGE_STANDARD = gnu17;
				GCC_DYNAMIC_NO_PIC = NO;
				GCC_NO_COMMON_BLOCKS = YES;
				GCC_OPTIMIZATION_LEVEL = 0;
				GCC_PREPROCESSOR_DEFINITIONS = (
					"DEBUG=1",
					"$(inherited)",
				);
				GCC_WARN_64_TO_32_BIT_CONVERSION = YES;
				GCC_WARN_ABOUT_RETURN_TYPE = YES_ERROR;
				GCC_WARN_UNDECLARED_SELECTOR = YES;
				GCC_WARN_UNINITIALIZED_AUTOS = YES_AGGRESSIVE;
				GCC_WARN_UNUSED_FUNCTION = YES;
				GCC_WARN_UNUSED_VARIABLE = YES;
				LOCALIZATION_PREFERS_STRING_CATALOGS = YES;
				MTL_ENABLE_DEBUG_INFO = INCLUDE_SOURCE;
				MTL_FAST_MATH = YES;
				ONLY_ACTIVE_ARCH = YES;
				SWIFT_ACTIVE_COMPILATION_CONDITIONS = "DEBUG $(inherited)";
				SWIFT_OPTIMIZATION_LEVEL = "-Onone";
			};
			name = Debug;
		};
		F028E6822F26A592000AE776 /* Release */ = {
			isa = XCBuildConfiguration;
			buildSettings = {
				ALWAYS_SEARCH_USER_PATHS = NO;
				ASSETCATALOG_COMPILER_GENERATE_SWIFT_ASSET_SYMBOL_EXTENSIONS = YES;
				CLANG_ANALYZER_NONNULL = YES;
				CLANG_ANALYZER_NUMBER_OBJECT_CONVERSION = YES_AGGRESSIVE;
				CLANG_CXX_LANGUAGE_STANDARD = "gnu++20";
				CLANG_ENABLE_MODULES = YES;
				CLANG_ENABLE_OBJC_ARC = YES;
				CLANG_ENABLE_OBJC_WEAK = YES;
				CLANG_WARN_BLOCK_CAPTURE_AUTORELEASING = YES;
				CLANG_WARN_BOOL_CONVERSION = YES;
				CLANG_WARN_COMMA = YES;
				CLANG_WARN_CONSTANT_CONVERSION = YES;
				CLANG_WARN_DEPRECATED_OBJC_IMPLEMENTATIONS = YES;
				CLANG_WARN_DIRECT_OBJC_ISA_USAGE = YES_ERROR;
				CLANG_WARN_DOCUMENTATION_COMMENTS = YES;
				CLANG_WARN_EMPTY_BODY = YES;
				CLANG_WARN_ENUM_CONVERSION = YES;
				CLANG_WARN_INFINITE_RECURSION = YES;
				CLANG_WARN_INT_CONVERSION = YES;
				CLANG_WARN_NON_LITERAL_NULL_CONVERSION = YES;
				CLANG_WARN_OBJC_IMPLICIT_RETAIN_SELF = YES;
				CLANG_WARN_OBJC_LITERAL_CONVERSION = YES;
				CLANG_WARN_OBJC_ROOT_CLASS = YES_ERROR;
				CLANG_WARN_QUOTED_INCLUDE_IN_FRAMEWORK_HEADER = YES;
				CLANG_WARN_RANGE_LOOP_ANALYSIS = YES;
				CLANG_WARN_STRICT_PROTOTYPES = YES;
				CLANG_WARN_SUSPICIOUS_MOVE = YES;
				CLANG_WARN_UNGUARDED_AVAILABILITY = YES_AGGRESSIVE;
				CLANG_WARN_UNREACHABLE_CODE = YES;
				CLANG_WARN__DUPLICATE_METHOD_MATCH = YES;
				COPY_PHASE_STRIP = NO;
				DEBUG_INFORMATION_FORMAT = "dwarf-with-dsym";
				DEVELOPMENT_TEAM = 8ZCY68284F;
				ENABLE_NS_ASSERTIONS = NO;
				ENABLE_STRICT_OBJC_MSGSEND = YES;
				ENABLE_USER_SCRIPT_SANDBOXING = YES;
				GCC_C_LANGUAGE_STANDARD = gnu17;
				GCC_NO_COMMON_BLOCKS = YES;
				GCC_WARN_64_TO_32_BIT_CONVERSION = YES;
				GCC_WARN_ABOUT_RETURN_TYPE = YES_ERROR;
				GCC_WARN_UNDECLARED_SELECTOR = YES;
				GCC_WARN_UNINITIALIZED_AUTOS = YES_AGGRESSIVE;
				GCC_WARN_UNUSED_FUNCTION = YES;
				GCC_WARN_UNUSED_VARIABLE = YES;
				LOCALIZATION_PREFERS_STRING_CATALOGS = YES;
				MTL_ENABLE_DEBUG_INFO = NO;
				MTL_FAST_MATH = YES;
				SWIFT_COMPILATION_MODE = wholemodule;
			};
			name = Release;
		};
		F028E6842F26A592000AE776 /* Debug */ = {
			isa = XCBuildConfiguration;
			buildSettings = {
				ASSETCATALOG_COMPILER_APPICON_NAME = AppIcon;
				ASSETCATALOG_COMPILER_GLOBAL_ACCENT_COLOR_NAME = AccentColor;
				CODE_SIGN_STYLE = Automatic;
				CURRENT_PROJECT_VERSION = 1;
				DEVELOPMENT_TEAM = 8ZCY68284F;
				ENABLE_APP_SANDBOX = YES;
				ENABLE_HARDENED_RUNTIME = YES;
				ENABLE_PREVIEWS = YES;
				ENABLE_USER_SELECTED_FILES = readonly;
				GENERATE_INFOPLIST_FILE = YES;
				INFOPLIST_KEY_NSAppleMusicUsageDescription = "Spectrum uses Apple Music to search the catalog and play song previews.";
				"INFOPLIST_KEY_UIApplicationSceneManifest_Generation[sdk=iphoneos*]" = YES;
				"INFOPLIST_KEY_UIApplicationSceneManifest_Generation[sdk=iphonesimulator*]" = YES;
				"INFOPLIST_KEY_UIApplicationSupportsIndirectInputEvents[sdk=iphoneos*]" = YES;
				"INFOPLIST_KEY_UIApplicationSupportsIndirectInputEvents[sdk=iphonesimulator*]" = YES;
				"INFOPLIST_KEY_UILaunchScreen_Generation[sdk=iphoneos*]" = YES;
				"INFOPLIST_KEY_UILaunchScreen_Generation[sdk=iphonesimulator*]" = YES;
				"INFOPLIST_KEY_UIStatusBarStyle[sdk=iphoneos*]" = UIStatusBarStyleDefault;
				"INFOPLIST_KEY_UIStatusBarStyle[sdk=iphonesimulator*]" = UIStatusBarStyleDefault;
				INFOPLIST_KEY_UISupportedInterfaceOrientations_iPad = "UIInterfaceOrientationPortrait UIInterfaceOrientationPortraitUpsideDown UIInterfaceOrientationLandscapeLeft UIInterfaceOrientationLandscapeRight";
				INFOPLIST_KEY_UISupportedInterfaceOrientations_iPhone = "UIInterfaceOrientationPortrait UIInterfaceOrientationLandscapeLeft UIInterfaceOrientationLandscapeRight";
				IPHONEOS_DEPLOYMENT_TARGET = 26.2;
				LD_RUNPATH_SEARCH_PATHS = "@executable_path/Frameworks";
				"LD_RUNPATH_SEARCH_PATHS[sdk=macosx*]" = "@executable_path/../Frameworks";
				MACOSX_DEPLOYMENT_TARGET = 26.2;
				MARKETING_VERSION = 1.0;
				PRODUCT_BUNDLE_IDENTIFIER = berkay.Spectrum;
				PRODUCT_NAME = "$(TARGET_NAME)";
				REGISTER_APP_GROUPS = YES;
				SDKROOT = auto;
				STRING_CATALOG_GENERATE_SYMBOLS = YES;
				SUPPORTED_PLATFORMS = "iphoneos iphonesimulator macosx xros xrsimulator";
				SWIFT_APPROACHABLE_CONCURRENCY = YES;
				SWIFT_DEFAULT_ACTOR_ISOLATION = MainActor;
				SWIFT_EMIT_LOC_STRINGS = YES;
				SWIFT_UPCOMING_FEATURE_MEMBER_IMPORT_VISIBILITY = YES;
				SWIFT_VERSION = 5.0;
				TARGETED_DEVICE_FAMILY = "1,2,7";
				XROS_DEPLOYMENT_TARGET = 26.2;
			};
			name = Debug;
		};
		F028E6852F26A592000AE776 /* Release */ = {
			isa = XCBuildConfiguration;
			buildSettings = {
				ASSETCATALOG_COMPILER_APPICON_NAME = AppIcon;
				ASSETCATALOG_COMPILER_GLOBAL_ACCENT_COLOR_NAME = AccentColor;
				CODE_SIGN_STYLE = Automatic;
				CURRENT_PROJECT_VERSION = 1;
				DEVELOPMENT_TEAM = 8ZCY68284F;
				ENABLE_APP_SANDBOX = YES;
				ENABLE_HARDENED_RUNTIME = YES;
				ENABLE_PREVIEWS = YES;
				ENABLE_USER_SELECTED_FILES = readonly;
				GENERATE_INFOPLIST_FILE = YES;
				INFOPLIST_KEY_NSAppleMusicUsageDescription = "Spectrum uses Apple Music to search the catalog and play song previews.";
				"INFOPLIST_KEY_UIApplicationSceneManifest_Generation[sdk=iphoneos*]" = YES;
				"INFOPLIST_KEY_UIApplicationSceneManifest_Generation[sdk=iphonesimulator*]" = YES;
				"INFOPLIST_KEY_UIApplicationSupportsIndirectInputEvents[sdk=iphoneos*]" = YES;
				"INFOPLIST_KEY_UIApplicationSupportsIndirectInputEvents[sdk=iphonesimulator*]" = YES;
				"INFOPLIST_KEY_UILaunchScreen_Generation[sdk=iphoneos*]" = YES;
				"INFOPLIST_KEY_UILaunchScreen_Generation[sdk=iphonesimulator*]" = YES;
				"INFOPLIST_KEY_UIStatusBarStyle[sdk=iphoneos*]" = UIStatusBarStyleDefault;
				"INFOPLIST_KEY_UIStatusBarStyle[sdk=iphonesimulator*]" = UIStatusBarStyleDefault;
				INFOPLIST_KEY_UISupportedInterfaceOrientations_iPad = "UIInterfaceOrientationPortrait UIInterfaceOrientationPortraitUpsideDown UIInterfaceOrientationLandscapeLeft UIInterfaceOrientationLandscapeRight";
				INFOPLIST_KEY_UISupportedInterfaceOrientations_iPhone = "UIInterfaceOrientationPortrait UIInterfaceOrientationLandscapeLeft UIInterfaceOrientationLandscapeRight";
				IPHONEOS_DEPLOYMENT_TARGET = 26.2;
				LD_RUNPATH_SEARCH_PATHS = "@executable_path/Frameworks";
				"LD_RUNPATH_SEARCH_PATHS[sdk=macosx*]" = "@executable_path/../Frameworks";
				MACOSX_DEPLOYMENT_TARGET = 26.2;
				MARKETING_VERSION = 1.0;
				PRODUCT_BUNDLE_IDENTIFIER = berkay.Spectrum;
				PRODUCT_NAME = "$(TARGET_NAME)";
				REGISTER_APP_GROUPS = YES;
				SDKROOT = auto;
				STRING_CATALOG_GENERATE_SYMBOLS = YES;
				SUPPORTED_PLATFORMS = "iphoneos iphonesimulator macosx xros xrsimulator";
				SWIFT_APPROACHABLE_CONCURRENCY = YES;
				SWIFT_DEFAULT_ACTOR_ISOLATION = MainActor;
				SWIFT_EMIT_LOC_STRINGS = YES;
				SWIFT_UPCOMING_FEATURE_MEMBER_IMPORT_VISIBILITY = YES;
				SWIFT_VERSION = 5.0;
				TARGETED_DEVICE_FAMILY = "1,2,7";
				XROS_DEPLOYMENT_TARGET = 26.2;
			};
			name = Release;
		};
		F028E6872F26A592000AE776 /* Debug */ = {
			isa = XCBuildConfiguration;
			buildSettings = {
				BUNDLE_LOADER = "$(TEST_HOST)";
				CODE_SIGN_STYLE = Automatic;
				CURRENT_PROJECT_VERSION = 1;
				DEVELOPMENT_TEAM = 8ZCY68284F;
				GENERATE_INFOPLIST_FILE = YES;
				IPHONEOS_DEPLOYMENT_TARGET = 26.2;
				MACOSX_DEPLOYMENT_TARGET = 26.2;
				MARKETING_VERSION = 1.0;
				PRODUCT_BUNDLE_IDENTIFIER = berkay.SpectrumTests;
				PRODUCT_NAME = "$(TARGET_NAME)";
				SDKROOT = auto;
				STRING_CATALOG_GENERATE_SYMBOLS = NO;
				SUPPORTED_PLATFORMS = "iphoneos iphonesimulator macosx xros xrsimulator";
				SWIFT_APPROACHABLE_CONCURRENCY = YES;
				SWIFT_EMIT_LOC_STRINGS = NO;
				SWIFT_UPCOMING_FEATURE_MEMBER_IMPORT_VISIBILITY = YES;
				SWIFT_VERSION = 5.0;
				TARGETED_DEVICE_FAMILY = "1,2,7";
				TEST_HOST = "$(BUILT_PRODUCTS_DIR)/Spectrum.app/$(BUNDLE_EXECUTABLE_FOLDER_PATH)/Spectrum";
				XROS_DEPLOYMENT_TARGET = 26.2;
			};
			name = Debug;
		};
		F028E6882F26A592000AE776 /* Release */ = {
			isa = XCBuildConfiguration;
			buildSettings = {
				BUNDLE_LOADER = "$(TEST_HOST)";
				CODE_SIGN_STYLE = Automatic;
				CURRENT_PROJECT_VERSION = 1;
				DEVELOPMENT_TEAM = 8ZCY68284F;
				GENERATE_INFOPLIST_FILE = YES;
				IPHONEOS_DEPLOYMENT_TARGET = 26.2;
				MACOSX_DEPLOYMENT_TARGET = 26.2;
				MARKETING_VERSION = 1.0;
				PRODUCT_BUNDLE_IDENTIFIER = berkay.SpectrumTests;
				PRODUCT_NAME = "$(TARGET_NAME)";
				SDKROOT = auto;
				STRING_CATALOG_GENERATE_SYMBOLS = NO;
				SUPPORTED_PLATFORMS = "iphoneos iphonesimulator macosx xros xrsimulator";
				SWIFT_APPROACHABLE_CONCURRENCY = YES;
				SWIFT_EMIT_LOC_STRINGS = NO;
				SWIFT_UPCOMING_FEATURE_MEMBER_IMPORT_VISIBILITY = YES;
				SWIFT_VERSION = 5.0;
				TARGETED_DEVICE_FAMILY = "1,2,7";
				TEST_HOST = "$(BUILT_PRODUCTS_DIR)/Spectrum.app/$(BUNDLE_EXECUTABLE_FOLDER_PATH)/Spectrum";
				XROS_DEPLOYMENT_TARGET = 26.2;
			};
			name = Release;
		};
		F028E68A2F26A592000AE776 /* Debug */ = {
			isa = XCBuildConfiguration;
			buildSettings = {
				CODE_SIGN_STYLE = Automatic;
				CURRENT_PROJECT_VERSION = 1;
				DEVELOPMENT_TEAM = 8ZCY68284F;
				GENERATE_INFOPLIST_FILE = YES;
				IPHONEOS_DEPLOYMENT_TARGET = 26.2;
				MACOSX_DEPLOYMENT_TARGET = 26.2;
				MARKETING_VERSION = 1.0;
				PRODUCT_BUNDLE_IDENTIFIER = berkay.SpectrumUITests;
				PRODUCT_NAME = "$(TARGET_NAME)";
				SDKROOT = auto;
				STRING_CATALOG_GENERATE_SYMBOLS = NO;
				SUPPORTED_PLATFORMS = "iphoneos iphonesimulator macosx xros xrsimulator";
				SWIFT_APPROACHABLE_CONCURRENCY = YES;
				SWIFT_EMIT_LOC_STRINGS = NO;
				SWIFT_UPCOMING_FEATURE_MEMBER_IMPORT_VISIBILITY = YES;
				SWIFT_VERSION = 5.0;
				TARGETED_DEVICE_FAMILY = "1,2,7";
				TEST_TARGET_NAME = Spectrum;
				XROS_DEPLOYMENT_TARGET = 26.2;
			};
			name = Debug;
		};
		F028E68B2F26A592000AE776 /* Release */ = {
			isa = XCBuildConfiguration;
			buildSettings = {
				CODE_SIGN_STYLE = Automatic;
				CURRENT_PROJECT_VERSION = 1;
				DEVELOPMENT_TEAM = 8ZCY68284F;
				GENERATE_INFOPLIST_FILE = YES;
				IPHONEOS_DEPLOYMENT_TARGET = 26.2;
				MACOSX_DEPLOYMENT_TARGET = 26.2;
				MARKETING_VERSION = 1.0;
				PRODUCT_BUNDLE_IDENTIFIER = berkay.SpectrumUITests;
				PRODUCT_NAME = "$(TARGET_NAME)";
				SDKROOT = auto;
				STRING_CATALOG_GENERATE_SYMBOLS = NO;
				SUPPORTED_PLATFORMS = "iphoneos iphonesimulator macosx xros xrsimulator";
				SWIFT_APPROACHABLE_CONCURRENCY = YES;
				SWIFT_EMIT_LOC_STRINGS = NO;
				SWIFT_UPCOMING_FEATURE_MEMBER_IMPORT_VISIBILITY = YES;
				SWIFT_VERSION = 5.0;
				TARGETED_DEVICE_FAMILY = "1,2,7";
				TEST_TARGET_NAME = Spectrum;
				XROS_DEPLOYMENT_TARGET = 26.2;
			};
			name = Release;
		};
/* End XCBuildConfiguration section */

/* Begin XCConfigurationList section */
		F028E65B2F26A591000AE776 /* Build configuration list for PBXProject "Spectrum" */ = {
			isa = XCConfigurationList;
			buildConfigurations = (
				F028E6812F26A592000AE776 /* Debug */,
				F028E6822F26A592000AE776 /* Release */,
			);
			defaultConfigurationIsVisible = 0;
			defaultConfigurationName = Release;
		};
		F028E6832F26A592000AE776 /* Build configuration list for PBXNativeTarget "Spectrum" */ = {
			isa = XCConfigurationList;
			buildConfigurations = (
				F028E6842F26A592000AE776 /* Debug */,
				F028E6852F26A592000AE776 /* Release */,
			);
			defaultConfigurationIsVisible = 0;
			defaultConfigurationName = Release;
		};
		F028E6862F26A592000AE776 /* Build configuration list for PBXNativeTarget "SpectrumTests" */ = {
			isa = XCConfigurationList;
			buildConfigurations = (
				F028E6872F26A592000AE776 /* Debug */,
				F028E6882F26A592000AE776 /* Release */,
			);
			defaultConfigurationIsVisible = 0;
			defaultConfigurationName = Release;
		};
		F028E6892F26A592000AE776 /* Build configuration list for PBXNativeTarget "SpectrumUITests" */ = {
			isa = XCConfigurationList;
			buildConfigurations = (
				F028E68A2F26A592000AE776 /* Debug */,
				F028E68B2F26A592000AE776 /* Release */,
			);
			defaultConfigurationIsVisible = 0;
			defaultConfigurationName = Release;
		};
/* End XCConfigurationList section */

/* Begin XCRemoteSwiftPackageReference section */
		F028E6AB2F26B4BC000AE776 /* XCRemoteSwiftPackageReference "supabase-swift" */ = {
			isa = XCRemoteSwiftPackageReference;
			repositoryURL = "https://github.com/supabase/supabase-swift";
			requirement = {
				kind = upToNextMajorVersion;
				minimumVersion = 2.5.1;
			};
		};
/* End XCRemoteSwiftPackageReference section */

/* Begin XCSwiftPackageProductDependency section */
		F028E6AC2F26B4BC000AE776 /* Auth */ = {
			isa = XCSwiftPackageProductDependency;
			package = F028E6AB2F26B4BC000AE776 /* XCRemoteSwiftPackageReference "supabase-swift" */;
			productName = Auth;
		};
		F028E6AE2F26B4BC000AE776 /* Functions */ = {
			isa = XCSwiftPackageProductDependency;
			package = F028E6AB2F26B4BC000AE776 /* XCRemoteSwiftPackageReference "supabase-swift" */;
			productName = Functions;
		};
		F028E6B02F26B4BC000AE776 /* PostgREST */ = {
			isa = XCSwiftPackageProductDependency;
			package = F028E6AB2F26B4BC000AE776 /* XCRemoteSwiftPackageReference "supabase-swift" */;
			productName = PostgREST;
		};
		F028E6B22F26B4BC000AE776 /* Realtime */ = {
			isa = XCSwiftPackageProductDependency;
			package = F028E6AB2F26B4BC000AE776 /* XCRemoteSwiftPackageReference "supabase-swift" */;
			productName = Realtime;
		};
		F028E6B42F26B4BC000AE776 /* Storage */ = {
			isa = XCSwiftPackageProductDependency;
			package = F028E6AB2F26B4BC000AE776 /* XCRemoteSwiftPackageReference "supabase-swift" */;
			productName = Storage;
		};
		F028E6BB2F26B722000AE776 /* Supabase */ = {
			isa = XCSwiftPackageProductDependency;
			package = F028E6AB2F26B4BC000AE776 /* XCRemoteSwiftPackageReference "supabase-swift" */;
			productName = Supabase;
		};
/* End XCSwiftPackageProductDependency section */
	};
	rootObject = F028E6582F26A591000AE776 /* Project object */;
}
